
Microsoft Visual Studio Solution File, Format Version 12.00
# Visual Studio Version 17
VisualStudioVersion = 17.0.31903.59
MinimumVisualStudioVersion = 10.0.40219.1
Project("{9A19103F-16F7-4668-BE54-9A1E7A4F7556}") = "TheApp.MVC", "TheApp.MVC\TheApp.MVC.csproj", "{FAF1B6FD-7AAC-4089-9674-412284BEBBD2}"
EndProject
Project("{9A19103F-16F7-4668-BE54-9A1E7A4F7556}") = "TheApp.Domain", "TheApp.Domain\TheApp.Domain.csproj", "{FCA0F254-4001-4E46-9638-B49E7275C5C8}"
EndProject
Project("{9A19103F-16F7-4668-BE54-9A1E7A4F7556}") = "TheApp.Application", "TheApp.Application\TheApp.Application.csproj", "{347EFF0F-7016-404E-8D4E-E59F8C316B84}"
EndProject
Project("{9A19103F-16F7-4668-BE54-9A1E7A4F7556}") = "TheApp.Infrastructure", "TheApp.Infrastructure\TheApp.Infrastructure.csproj", "{F93F03C3-1CD7-4C68-8B25-9E972E65AE0A}"
EndProject
Project("{FAE04EC0-301F-11D3-BF4B-00C04F79EFBC}") = "TheApp.DomainTests", "TheApp.DomainTests\TheApp.DomainTests.csproj", "{0C4CE690-F966-4A87-A633-6B0A017768ED}"
EndProject
Project("{FAE04EC0-301F-11D3-BF4B-00C04F79EFBC}") = "TheApp.ApplicationTests", "TheApp.ApplicationTests\TheApp.ApplicationTests.csproj", "{92D6B6C0-5871-4A4A-9B69-DC442EADC0E6}"
EndProject
Project("{2150E333-8FDC-42A3-9474-1A3956D46DE8}") = "Tests", "Tests", "{42BC4FB9-1107-4B3E-9BCA-E3D8313C399B}"
EndProject
Project("{FAE04EC0-301F-11D3-BF4B-00C04F79EFBC}") = "TheApp.MVCTests", "TheApp.MVCTests\TheApp.MVCTests.csproj", "{D2A7904E-863C-4B9A-BDE0-E898515C7203}"
EndProject
Global
	GlobalSection(SolutionConfigurationPlatforms) = preSolution
		Debug|Any CPU = Debug|Any CPU
		Release|Any CPU = Release|Any CPU
	EndGlobalSection
	GlobalSection(ProjectConfigurationPlatforms) = postSolution
		{FAF1B6FD-7AAC-4089-9674-412284BEBBD2}.Debug|Any CPU.ActiveCfg = Debug|Any CPU
		{FAF1B6FD-7AAC-4089-9674-412284BEBBD2}.Debug|Any CPU.Build.0 = Debug|Any CPU
		{FAF1B6FD-7AAC-4089-9674-412284BEBBD2}.Release|Any CPU.ActiveCfg = Release|Any CPU
		{FAF1B6FD-7AAC-4089-9674-412284BEBBD2}.Release|Any CPU.Build.0 = Release|Any CPU
		{FCA0F254-4001-4E46-9638-B49E7275C5C8}.Debug|Any CPU.ActiveCfg = Debug|Any CPU
		{FCA0F254-4001-4E46-9638-B49E7275C5C8}.Debug|Any CPU.Build.0 = Debug|Any CPU
		{FCA0F254-4001-4E46-9638-B49E7275C5C8}.Release|Any CPU.ActiveCfg = Release|Any CPU
		{FCA0F254-4001-4E46-9638-B49E7275C5C8}.Release|Any CPU.Build.0 = Release|Any CPU
		{347EFF0F-7016-404E-8D4E-E59F8C316B84}.Debug|Any CPU.ActiveCfg = Debug|Any CPU
		{347EFF0F-7016-404E-8D4E-E59F8C316B84}.Debug|Any CPU.Build.0 = Debug|Any CPU
		{347EFF0F-7016-404E-8D4E-E59F8C316B84}.Release|Any CPU.ActiveCfg = Release|Any CPU
		{347EFF0F-7016-404E-8D4E-E59F8C316B84}.Release|Any CPU.Build.0 = Release|Any CPU
		{F93F03C3-1CD7-4C68-8B25-9E972E65AE0A}.Debug|Any CPU.ActiveCfg = Debug|Any CPU
		{F93F03C3-1CD7-4C68-8B25-9E972E65AE0A}.Debug|Any CPU.Build.0 = Debug|Any CPU
		{F93F03C3-1CD7-4C68-8B25-9E972E65AE0A}.Release|Any CPU.ActiveCfg = Release|Any CPU
		{F93F03C3-1CD7-4C68-8B25-9E972E65AE0A}.Release|Any CPU.Build.0 = Release|Any CPU
		{0C4CE690-F966-4A87-A633-6B0A017768ED}.Debug|Any CPU.ActiveCfg = Debug|Any CPU
		{0C4CE690-F966-4A87-A633-6B0A017768ED}.Debug|Any CPU.Build.0 = Debug|Any CPU
		{0C4CE690-F966-4A87-A633-6B0A017768ED}.Release|Any CPU.ActiveCfg = Release|Any CPU
		{0C4CE690-F966-4A87-A633-6B0A017768ED}.Release|Any CPU.Build.0 = Release|Any CPU
		{92D6B6C0-5871-4A4A-9B69-DC442EADC0E6}.Debug|Any CPU.ActiveCfg = Debug|Any CPU
		{92D6B6C0-5871-4A4A-9B69-DC442EADC0E6}.Debug|Any CPU.Build.0 = Debug|Any CPU
		{92D6B6C0-5871-4A4A-9B69-DC442EADC0E6}.Release|Any CPU.ActiveCfg = Release|Any CPU
		{92D6B6C0-5871-4A4A-9B69-DC442EADC0E6}.Release|Any CPU.Build.0 = Release|Any CPU
		{D2A7904E-863C-4B9A-BDE0-E898515C7203}.Debug|Any CPU.ActiveCfg = Debug|Any CPU
		{D2A7904E-863C-4B9A-BDE0-E898515C7203}.Debug|Any CPU.Build.0 = Debug|Any CPU
		{D2A7904E-863C-4B9A-BDE0-E898515C7203}.Release|Any CPU.ActiveCfg = Release|Any CPU
		{D2A7904E-863C-4B9A-BDE0-E898515C7203}.Release|Any CPU.Build.0 = Release|Any CPU
	EndGlobalSection
	GlobalSection(SolutionProperties) = preSolution
		HideSolutionNode = FALSE
	EndGlobalSection
	GlobalSection(NestedProjects) = preSolution
		{0C4CE690-F966-4A87-A633-6B0A017768ED} = {42BC4FB9-1107-4B3E-9BCA-E3D8313C399B}
		{92D6B6C0-5871-4A4A-9B69-DC442EADC0E6} = {42BC4FB9-1107-4B3E-9BCA-E3D8313C399B}
		{D2A7904E-863C-4B9A-BDE0-E898515C7203} = {42BC4FB9-1107-4B3E-9BCA-E3D8313C399B}
	EndGlobalSection
	GlobalSection(ExtensibilityGlobals) = postSolution
		SolutionGuid = {A2F84FBB-DD8A-47EE-AA2E-63DE88371C67}
	EndGlobalSection
EndGlobal
